
Microsoft Visual Studio Solution File, Format Version 12.00
# Visual Studio Version 17
VisualStudioVersion = 17.3.32901.215
MinimumVisualStudioVersion = 10.0.40219.1
Project("{FAE04EC0-301F-11D3-BF4B-00C04F79EFBC}") = "WSPack2022", "2022\WSPack2022\WSPack2022.csproj", "{275A37C0-C646-4F88-AC29-C6D823A8E649}"
EndProject
Project("{FAE04EC0-301F-11D3-BF4B-00C04F79EFBC}") = "WSPack.Builder", "WSPack.Builder\WSPack.Builder.csproj", "{DCE32D45-5705-42EE-8823-4F50B03E796D}"
EndProject
Global
	GlobalSection(SolutionConfigurationPlatforms) = preSolution
		builder|Any CPU = builder|Any CPU
		builder|x86 = builder|x86
		Debug|Any CPU = Debug|Any CPU
		Debug|x86 = Debug|x86
		Release|Any CPU = Release|Any CPU
		Release|x86 = Release|x86
	EndGlobalSection
	GlobalSection(ProjectConfigurationPlatforms) = postSolution
		{275A37C0-C646-4F88-AC29-C6D823A8E649}.builder|Any CPU.ActiveCfg = Debug|Any CPU
		{275A37C0-C646-4F88-AC29-C6D823A8E649}.builder|Any CPU.Build.0 = Debug|Any CPU
		{275A37C0-C646-4F88-AC29-C6D823A8E649}.builder|x86.ActiveCfg = Debug|x86
		{275A37C0-C646-4F88-AC29-C6D823A8E649}.builder|x86.Build.0 = Debug|x86
		{275A37C0-C646-4F88-AC29-C6D823A8E649}.Debug|Any CPU.ActiveCfg = Debug|Any CPU
		{275A37C0-C646-4F88-AC29-C6D823A8E649}.Debug|Any CPU.Build.0 = Debug|Any CPU
		{275A37C0-C646-4F88-AC29-C6D823A8E649}.Debug|x86.ActiveCfg = Debug|x86
		{275A37C0-C646-4F88-AC29-C6D823A8E649}.Debug|x86.Build.0 = Debug|x86
		{275A37C0-C646-4F88-AC29-C6D823A8E649}.Release|Any CPU.ActiveCfg = Release|Any CPU
		{275A37C0-C646-4F88-AC29-C6D823A8E649}.Release|Any CPU.Build.0 = Release|Any CPU
		{275A37C0-C646-4F88-AC29-C6D823A8E649}.Release|x86.ActiveCfg = Release|x86
		{275A37C0-C646-4F88-AC29-C6D823A8E649}.Release|x86.Build.0 = Release|x86
		{DCE32D45-5705-42EE-8823-4F50B03E796D}.builder|Any CPU.ActiveCfg = Debug|Any CPU
		{DCE32D45-5705-42EE-8823-4F50B03E796D}.builder|x86.ActiveCfg = Debug|Any CPU
		{DCE32D45-5705-42EE-8823-4F50B03E796D}.builder|x86.Build.0 = Debug|Any CPU
		{DCE32D45-5705-42EE-8823-4F50B03E796D}.Debug|Any CPU.ActiveCfg = Debug|Any CPU
		{DCE32D45-5705-42EE-8823-4F50B03E796D}.Debug|Any CPU.Build.0 = Debug|Any CPU
		{DCE32D45-5705-42EE-8823-4F50B03E796D}.Debug|x86.ActiveCfg = Debug|Any CPU
		{DCE32D45-5705-42EE-8823-4F50B03E796D}.Debug|x86.Build.0 = Debug|Any CPU
		{DCE32D45-5705-42EE-8823-4F50B03E796D}.Release|Any CPU.ActiveCfg = Release|Any CPU
		{DCE32D45-5705-42EE-8823-4F50B03E796D}.Release|Any CPU.Build.0 = Release|Any CPU
		{DCE32D45-5705-42EE-8823-4F50B03E796D}.Release|x86.ActiveCfg = Release|Any CPU
		{DCE32D45-5705-42EE-8823-4F50B03E796D}.Release|x86.Build.0 = Release|Any CPU
	EndGlobalSection
	GlobalSection(SolutionProperties) = preSolution
		HideSolutionNode = FALSE
	EndGlobalSection
	GlobalSection(ExtensibilityGlobals) = postSolution
		SolutionGuid = {96B76681-5DF1-463C-997D-3D93BBBED27C}
	EndGlobalSection
EndGlobal
