
Microsoft Visual Studio Solution File, Format Version 12.00
# Visual Studio Version 16
VisualStudioVersion = 16.0.32602.291
MinimumVisualStudioVersion = 10.0.40219.1
Project("{FAE04EC0-301F-11D3-BF4B-00C04F79EFBC}") = "WSPack2019", "2019\WSPack2019\WSPack2019.csproj", "{5240370B-D9DA-4FB1-B028-4052E0D2D978}"
EndProject
Project("{FAE04EC0-301F-11D3-BF4B-00C04F79EFBC}") = "WSPack.Builder", "WSPack.Builder\WSPack.Builder.csproj", "{DCE32D45-5705-42EE-8823-4F50B03E796D}"
EndProject
Project("{FAE04EC0-301F-11D3-BF4B-00C04F79EFBC}") = "WSPack.Lib", "WSPack.Lib\WSPack.Lib.csproj", "{FC678443-87DF-4A89-8A2F-A1CF1D69F51A}"
EndProject
Global
	GlobalSection(SolutionConfigurationPlatforms) = preSolution
		builder|Any CPU = builder|Any CPU
		Debug|Any CPU = Debug|Any CPU
		Release|Any CPU = Release|Any CPU
	EndGlobalSection
	GlobalSection(ProjectConfigurationPlatforms) = postSolution
		{5240370B-D9DA-4FB1-B028-4052E0D2D978}.builder|Any CPU.ActiveCfg = Debug|Any CPU
		{5240370B-D9DA-4FB1-B028-4052E0D2D978}.builder|Any CPU.Build.0 = Debug|Any CPU
		{5240370B-D9DA-4FB1-B028-4052E0D2D978}.Debug|Any CPU.ActiveCfg = Debug|Any CPU
		{5240370B-D9DA-4FB1-B028-4052E0D2D978}.Debug|Any CPU.Build.0 = Debug|Any CPU
		{5240370B-D9DA-4FB1-B028-4052E0D2D978}.Release|Any CPU.ActiveCfg = Release|Any CPU
		{5240370B-D9DA-4FB1-B028-4052E0D2D978}.Release|Any CPU.Build.0 = Release|Any CPU
		{DCE32D45-5705-42EE-8823-4F50B03E796D}.builder|Any CPU.ActiveCfg = Debug|Any CPU
		{DCE32D45-5705-42EE-8823-4F50B03E796D}.Debug|Any CPU.ActiveCfg = Debug|Any CPU
		{DCE32D45-5705-42EE-8823-4F50B03E796D}.Debug|Any CPU.Build.0 = Debug|Any CPU
		{DCE32D45-5705-42EE-8823-4F50B03E796D}.Release|Any CPU.ActiveCfg = Release|Any CPU
		{DCE32D45-5705-42EE-8823-4F50B03E796D}.Release|Any CPU.Build.0 = Release|Any CPU
		{FC678443-87DF-4A89-8A2F-A1CF1D69F51A}.builder|Any CPU.ActiveCfg = Debug|Any CPU
		{FC678443-87DF-4A89-8A2F-A1CF1D69F51A}.builder|Any CPU.Build.0 = Debug|Any CPU
		{FC678443-87DF-4A89-8A2F-A1CF1D69F51A}.Debug|Any CPU.ActiveCfg = Debug|Any CPU
		{FC678443-87DF-4A89-8A2F-A1CF1D69F51A}.Debug|Any CPU.Build.0 = Debug|Any CPU
		{FC678443-87DF-4A89-8A2F-A1CF1D69F51A}.Release|Any CPU.ActiveCfg = Release|Any CPU
		{FC678443-87DF-4A89-8A2F-A1CF1D69F51A}.Release|Any CPU.Build.0 = Release|Any CPU
	EndGlobalSection
	GlobalSection(SolutionProperties) = preSolution
		HideSolutionNode = FALSE
	EndGlobalSection
	GlobalSection(ExtensibilityGlobals) = postSolution
		SolutionGuid = {E2379CB6-89FE-4A39-8CCA-DCA2D3E3AFA7}
	EndGlobalSection
EndGlobal
